
Microsoft Visual Studio Solution File, Format Version 12.00
# Visual Studio Version 17
VisualStudioVersion = 17.8.34112.27
MinimumVisualStudioVersion = 10.0.40219.1
Project("{9A19103F-16F7-4668-BE54-9A1E7A4F7556}") = "CalculatorTest.Lib", "CalculatorTest.Lib\CalculatorTest.Lib.csproj", "{DAEB7492-3594-4540-A34B-761BD95EB448}"
EndProject
Project("{2150E333-8FDC-42A3-9474-1A3956D46DE8}") = "Solution Items", "Solution Items", "{0ADA499C-1178-49D7-AEFD-13F903A958CE}"
	ProjectSection(SolutionItems) = preProject
		README.md = README.md
	EndProjectSection
EndProject
Project("{9A19103F-16F7-4668-BE54-9A1E7A4F7556}") = "CalculatorTest.Lib.Tests.Unit", "tests\CalculatorTest.Lib.Tests.Unit\CalculatorTest.Lib.Tests.Unit.csproj", "{FE71AA87-811E-4412-AA8B-83D592831EDA}"
EndProject
Project("{2150E333-8FDC-42A3-9474-1A3956D46DE8}") = "tests", "tests", "{D26B981D-865B-4134-9D32-B85297CDA039}"
EndProject
Project("{2150E333-8FDC-42A3-9474-1A3956D46DE8}") = "src", "src", "{9DF3E069-541B-463A-BB9F-D7FD03100C11}"
EndProject
Project("{FAE04EC0-301F-11D3-BF4B-00C04F79EFBC}") = "CalculatorTest.Api", "CalculatorTest.Api\CalculatorTest.Api.csproj", "{848E8515-5F4A-4F21-BF84-D812161AB825}"
EndProject
Global
	GlobalSection(SolutionConfigurationPlatforms) = preSolution
		Debug|Any CPU = Debug|Any CPU
		Release|Any CPU = Release|Any CPU
	EndGlobalSection
	GlobalSection(ProjectConfigurationPlatforms) = postSolution
		{DAEB7492-3594-4540-A34B-761BD95EB448}.Debug|Any CPU.ActiveCfg = Debug|Any CPU
		{DAEB7492-3594-4540-A34B-761BD95EB448}.Debug|Any CPU.Build.0 = Debug|Any CPU
		{DAEB7492-3594-4540-A34B-761BD95EB448}.Release|Any CPU.ActiveCfg = Release|Any CPU
		{DAEB7492-3594-4540-A34B-761BD95EB448}.Release|Any CPU.Build.0 = Release|Any CPU
		{FE71AA87-811E-4412-AA8B-83D592831EDA}.Debug|Any CPU.ActiveCfg = Debug|Any CPU
		{FE71AA87-811E-4412-AA8B-83D592831EDA}.Debug|Any CPU.Build.0 = Debug|Any CPU
		{FE71AA87-811E-4412-AA8B-83D592831EDA}.Release|Any CPU.ActiveCfg = Release|Any CPU
		{FE71AA87-811E-4412-AA8B-83D592831EDA}.Release|Any CPU.Build.0 = Release|Any CPU
		{848E8515-5F4A-4F21-BF84-D812161AB825}.Debug|Any CPU.ActiveCfg = Debug|Any CPU
		{848E8515-5F4A-4F21-BF84-D812161AB825}.Debug|Any CPU.Build.0 = Debug|Any CPU
		{848E8515-5F4A-4F21-BF84-D812161AB825}.Release|Any CPU.ActiveCfg = Release|Any CPU
		{848E8515-5F4A-4F21-BF84-D812161AB825}.Release|Any CPU.Build.0 = Release|Any CPU
	EndGlobalSection
	GlobalSection(SolutionProperties) = preSolution
		HideSolutionNode = FALSE
	EndGlobalSection
	GlobalSection(NestedProjects) = preSolution
		{DAEB7492-3594-4540-A34B-761BD95EB448} = {9DF3E069-541B-463A-BB9F-D7FD03100C11}
		{FE71AA87-811E-4412-AA8B-83D592831EDA} = {D26B981D-865B-4134-9D32-B85297CDA039}
		{848E8515-5F4A-4F21-BF84-D812161AB825} = {9DF3E069-541B-463A-BB9F-D7FD03100C11}
	EndGlobalSection
	GlobalSection(ExtensibilityGlobals) = postSolution
		SolutionGuid = {7AC23BAB-B826-4276-9351-77DF962DBDF4}
	EndGlobalSection
EndGlobal
